
Microsoft Visual Studio Solution File, Format Version 12.00
# Visual Studio Version 16
VisualStudioVersion = 16.0.30128.36
MinimumVisualStudioVersion = 10.0.40219.1
Project("{FAE04EC0-301F-11D3-BF4B-00C04F79EFBC}") = "AdvancedSample", "AdvancedSample.csproj", "{056F1B35-E428-4343-AA70-D36FADF6B15B}"
EndProject
Global
	GlobalSection(SolutionConfigurationPlatforms) = preSolution
		Debug|Any CPU = Debug|Any CPU
		Release|Any CPU = Release|Any CPU
	EndGlobalSection
	GlobalSection(ProjectConfigurationPlatforms) = postSolution
		{056F1B35-E428-4343-AA70-D36FADF6B15B}.Debug|Any CPU.ActiveCfg = Debug|Any CPU
		{056F1B35-E428-4343-AA70-D36FADF6B15B}.Debug|Any CPU.Build.0 = Debug|Any CPU
		{056F1B35-E428-4343-AA70-D36FADF6B15B}.Release|Any CPU.ActiveCfg = Release|Any CPU
		{056F1B35-E428-4343-AA70-D36FADF6B15B}.Release|Any CPU.Build.0 = Release|Any CPU
	EndGlobalSection
	GlobalSection(SolutionProperties) = preSolution
		HideSolutionNode = FALSE
	EndGlobalSection
	GlobalSection(ExtensibilityGlobals) = postSolution
		SolutionGuid = {AE69123F-DBC7-426C-B020-D7D3241608EC}
	EndGlobalSection
EndGlobal
